{
  "name": "just_search",
  "version": "1.0.0",
  "lockfileVersion": 1,
  "requires": true,
  "dependencies": {
    "@types/node": {
      "version": "13.9.1",
      "resolved": "https://registry.npmjs.org/@types/node/-/node-13.9.1.tgz",
      "integrity": "sha512-E6M6N0blf/jiZx8Q3nb0vNaswQeEyn0XlupO+xN6DtJ6r6IT4nXrTry7zhIfYvFCl3/8Cu6WIysmUBKiqV0bqQ==",
      "dev": true
    },
    "justwatch-api": {
      "version": "1.0.7",
      "resolved": "https://registry.npmjs.org/justwatch-api/-/justwatch-api-1.0.7.tgz",
      "integrity": "sha512-Tg3aP6jSzUv7UMQKVmDi/MnXzUr6/DzNWfOmoi7UEQPQu/roLMaaG+xY9erP1afcTRzZW6p8mgvOdWi8Ifj8xQ=="
    },
    "parse-torrent-name": {
      "version": "0.5.4",
      "resolved": "https://registry.npmjs.org/parse-torrent-name/-/parse-torrent-name-0.5.4.tgz",
      "integrity": "sha1-xtiKYSY7Z0yoLmVRwNMMal+4qsQ="
    },
    "typescript": {
      "version": "3.8.3",
      "resolved": "https://registry.npmjs.org/typescript/-/typescript-3.8.3.tgz",
      "integrity": "sha512-MYlEfn5VrLNsgudQTVJeNaQFUAI7DkhnOjdpAp4T+ku1TfQClewlbSuTVHiA+8skNBgaf02TL/kLOvig4y3G8w=="
    }
  }
}
